# THIS IS AN AUTOGENERATED FILE. DO NOT EDIT THIS FILE DIRECTLY.
# yarn lockfile v1


react-native-ffmpeg@^0.4.4:
  version "0.4.4"
  resolved "https://registry.yarnpkg.com/react-native-ffmpeg/-/react-native-ffmpeg-0.4.4.tgz#9f4dbda53c96078cecbbe83a866d4b535b957131"
  integrity sha512-MUBV3Xvto1Hl049Y9EaOZdjazkK1ixQzCzPEt1o7V2duSOrM2kJ2o/RiC4rSRgapU2uqYRHMZ6X4JJI7y40qXw==
